
Microsoft Visual Studio Solution File, Format Version 12.00
Project("{FAE04EC0-301F-11D3-BF4B-00C04F79EFBC}") = "TextGame2", "TextGame2\TextGame2.csproj", "{992FF567-1455-468D-8E83-C46956611580}"
EndProject
Global
	GlobalSection(SolutionConfigurationPlatforms) = preSolution
		Debug|Any CPU = Debug|Any CPU
		Release|Any CPU = Release|Any CPU
	EndGlobalSection
	GlobalSection(ProjectConfigurationPlatforms) = postSolution
		{992FF567-1455-468D-8E83-C46956611580}.Debug|Any CPU.ActiveCfg = Debug|Any CPU
		{992FF567-1455-468D-8E83-C46956611580}.Debug|Any CPU.Build.0 = Debug|Any CPU
		{992FF567-1455-468D-8E83-C46956611580}.Release|Any CPU.ActiveCfg = Release|Any CPU
		{992FF567-1455-468D-8E83-C46956611580}.Release|Any CPU.Build.0 = Release|Any CPU
	EndGlobalSection
EndGlobal
